{
  "requires": true,
  "lockfileVersion": 1,
  "dependencies": {
    "@angular/material": {
      "version": "10.2.3",
      "resolved": "https://registry.npmjs.org/@angular/material/-/material-10.2.3.tgz",
      "integrity": "sha512-xqMC1A/CVX7RESnVm5EcK46MVXe1ROSMOf1RBuUeS6K+fnvx8kUxwmUcSY3LNREvW5hncFup7+MxSPfeFxv71A==",
      "requires": {
        "tslib": "^2.0.0"
      }
    },
    "tslib": {
      "version": "2.0.1",
      "resolved": "https://registry.npmjs.org/tslib/-/tslib-2.0.1.tgz",
      "integrity": "sha512-SgIkNheinmEBgx1IUNirK0TUD4X9yjjBRTqqjggWCU3pUEqIk3/Uwl3yRixYKT6WjQuGiwDv4NomL3wqRCj+CQ=="
    }
  }
}
